Microsoft Visual Studio Solution File, Format Version 12.00
# Visual Studio Version 17
VisualStudioVersion = 17.14.36221.1 d17.14
MinimumVisualStudioVersion = 16.0.0.0
Project("{9A19103F-16F7-4668-BE54-9A1E7A4F7556}") = "SchoolApp.Server", "Server\SchoolApp.Server.csproj", "{A55F0FB2-A415-47E0-9D97-4F65237B522F}"
EndProject
Project("{9A19103F-16F7-4668-BE54-9A1E7A4F7556}") = "SchoolApp.Client", "Client\SchoolApp.Client.csproj", "{DA012CCF-098B-4E8B-B877-86004631050E}"
EndProject
Project("{9A19103F-16F7-4668-BE54-9A1E7A4F7556}") = "SchoolApp.Shared", "Shared\SchoolApp.Shared.csproj", "{B97AE348-524F-46B2-9718-B339DBADB256}"
EndProject
Global
	GlobalSection(SolutionConfigurationPlatforms) = preSolution
		Debug|Any CPU = Debug|Any CPU
		Debug|x64 = Debug|x64
		Debug|x86 = Debug|x86
		Release|Any CPU = Release|Any CPU
		Release|x64 = Release|x64
		Release|x86 = Release|x86
	EndGlobalSection
	GlobalSection(ProjectConfigurationPlatforms) = postSolution
		{A55F0FB2-A415-47E0-9D97-4F65237B522F}.Debug|Any CPU.ActiveCfg = Debug|Any CPU
		{A55F0FB2-A415-47E0-9D97-4F65237B522F}.Debug|Any CPU.Build.0 = Debug|Any CPU
		{A55F0FB2-A415-47E0-9D97-4F65237B522F}.Debug|x64.ActiveCfg = Debug|Any CPU
		{A55F0FB2-A415-47E0-9D97-4F65237B522F}.Debug|x64.Build.0 = Debug|Any CPU
		{A55F0FB2-A415-47E0-9D97-4F65237B522F}.Debug|x86.ActiveCfg = Debug|Any CPU
		{A55F0FB2-A415-47E0-9D97-4F65237B522F}.Debug|x86.Build.0 = Debug|Any CPU
		{A55F0FB2-A415-47E0-9D97-4F65237B522F}.Release|Any CPU.ActiveCfg = Release|Any CPU
		{A55F0FB2-A415-47E0-9D97-4F65237B522F}.Release|Any CPU.Build.0 = Release|Any CPU
		{A55F0FB2-A415-47E0-9D97-4F65237B522F}.Release|x64.ActiveCfg = Release|Any CPU
		{A55F0FB2-A415-47E0-9D97-4F65237B522F}.Release|x64.Build.0 = Release|Any CPU
		{A55F0FB2-A415-47E0-9D97-4F65237B522F}.Release|x86.ActiveCfg = Release|Any CPU
		{A55F0FB2-A415-47E0-9D97-4F65237B522F}.Release|x86.Build.0 = Release|Any CPU
		{DA012CCF-098B-4E8B-B877-86004631050E}.Debug|Any CPU.ActiveCfg = Debug|Any CPU
		{DA012CCF-098B-4E8B-B877-86004631050E}.Debug|Any CPU.Build.0 = Debug|Any CPU
		{DA012CCF-098B-4E8B-B877-86004631050E}.Debug|x64.ActiveCfg = Debug|Any CPU
		{DA012CCF-098B-4E8B-B877-86004631050E}.Debug|x64.Build.0 = Debug|Any CPU
		{DA012CCF-098B-4E8B-B877-86004631050E}.Debug|x86.ActiveCfg = Debug|Any CPU
		{DA012CCF-098B-4E8B-B877-86004631050E}.Debug|x86.Build.0 = Debug|Any CPU
		{DA012CCF-098B-4E8B-B877-86004631050E}.Release|Any CPU.ActiveCfg = Release|Any CPU
		{DA012CCF-098B-4E8B-B877-86004631050E}.Release|Any CPU.Build.0 = Release|Any CPU
		{DA012CCF-098B-4E8B-B877-86004631050E}.Release|x64.ActiveCfg = Release|Any CPU
		{DA012CCF-098B-4E8B-B877-86004631050E}.Release|x64.Build.0 = Release|Any CPU
		{DA012CCF-098B-4E8B-B877-86004631050E}.Release|x86.ActiveCfg = Release|Any CPU
		{DA012CCF-098B-4E8B-B877-86004631050E}.Release|x86.Build.0 = Release|Any CPU
		{B97AE348-524F-46B2-9718-B339DBADB256}.Debug|Any CPU.ActiveCfg = Debug|Any CPU
		{B97AE348-524F-46B2-9718-B339DBADB256}.Debug|Any CPU.Build.0 = Debug|Any CPU
		{B97AE348-524F-46B2-9718-B339DBADB256}.Debug|x64.ActiveCfg = Debug|Any CPU
		{B97AE348-524F-46B2-9718-B339DBADB256}.Debug|x64.Build.0 = Debug|Any CPU
		{B97AE348-524F-46B2-9718-B339DBADB256}.Debug|x86.ActiveCfg = Debug|Any CPU
		{B97AE348-524F-46B2-9718-B339DBADB256}.Debug|x86.Build.0 = Debug|Any CPU
		{B97AE348-524F-46B2-9718-B339DBADB256}.Release|Any CPU.ActiveCfg = Release|Any CPU
		{B97AE348-524F-46B2-9718-B339DBADB256}.Release|Any CPU.Build.0 = Release|Any CPU
		{B97AE348-524F-46B2-9718-B339DBADB256}.Release|x64.ActiveCfg = Release|Any CPU
		{B97AE348-524F-46B2-9718-B339DBADB256}.Release|x64.Build.0 = Release|Any CPU
		{B97AE348-524F-46B2-9718-B339DBADB256}.Release|x86.ActiveCfg = Release|Any CPU
		{B97AE348-524F-46B2-9718-B339DBADB256}.Release|x86.Build.0 = Release|Any CPU
	EndGlobalSection
	GlobalSection(SolutionProperties) = preSolution
		HideSolutionNode = FALSE
	EndGlobalSection
	GlobalSection(ExtensibilityGlobals) = postSolution
		SolutionGuid = {6E789F93-FA2E-4BE0-A16B-E50B0E2E3407}
	EndGlobalSection
EndGlobal
